
Microsoft Visual Studio Solution File, Format Version 12.00
# Visual Studio 15
VisualStudioVersion = 15.0.28307.271
MinimumVisualStudioVersion = 10.0.40219.1
Project("{FAE04EC0-301F-11D3-BF4B-00C04F79EFBC}") = "CExercise02", "CExercise02\CExercise02.csproj", "{A4B2FFA1-3D6E-49E3-90E6-0D79C8FBC9EF}"
EndProject
Global
	GlobalSection(SolutionConfigurationPlatforms) = preSolution
		Debug|Any CPU = Debug|Any CPU
		Release|Any CPU = Release|Any CPU
	EndGlobalSection
	GlobalSection(ProjectConfigurationPlatforms) = postSolution
		{A4B2FFA1-3D6E-49E3-90E6-0D79C8FBC9EF}.Debug|Any CPU.ActiveCfg = Debug|Any CPU
		{A4B2FFA1-3D6E-49E3-90E6-0D79C8FBC9EF}.Debug|Any CPU.Build.0 = Debug|Any CPU
		{A4B2FFA1-3D6E-49E3-90E6-0D79C8FBC9EF}.Release|Any CPU.ActiveCfg = Release|Any CPU
		{A4B2FFA1-3D6E-49E3-90E6-0D79C8FBC9EF}.Release|Any CPU.Build.0 = Release|Any CPU
	EndGlobalSection
	GlobalSection(SolutionProperties) = preSolution
		HideSolutionNode = FALSE
	EndGlobalSection
	GlobalSection(ExtensibilityGlobals) = postSolution
		SolutionGuid = {DB92F39A-FC37-42D4-9D53-7624DF98B397}
	EndGlobalSection
EndGlobal
