
Microsoft Visual Studio Solution File, Format Version 12.00
# Visual Studio 15
VisualStudioVersion = 15.0.28307.271
MinimumVisualStudioVersion = 10.0.40219.1
Project("{FAE04EC0-301F-11D3-BF4B-00C04F79EFBC}") = "Farm2", "Farm2\Farm2.csproj", "{BE151BC5-C42C-4107-9859-427603D4B598}"
EndProject
Project("{FAE04EC0-301F-11D3-BF4B-00C04F79EFBC}") = "Farm2Tests", "Farm2Tests\Farm2Tests.csproj", "{F988A923-8A5B-42DE-8E4C-EA01744FCB61}"
EndProject
Global
	GlobalSection(SolutionConfigurationPlatforms) = preSolution
		Debug|Any CPU = Debug|Any CPU
		Release|Any CPU = Release|Any CPU
	EndGlobalSection
	GlobalSection(ProjectConfigurationPlatforms) = postSolution
		{BE151BC5-C42C-4107-9859-427603D4B598}.Debug|Any CPU.ActiveCfg = Debug|Any CPU
		{BE151BC5-C42C-4107-9859-427603D4B598}.Debug|Any CPU.Build.0 = Debug|Any CPU
		{BE151BC5-C42C-4107-9859-427603D4B598}.Release|Any CPU.ActiveCfg = Release|Any CPU
		{BE151BC5-C42C-4107-9859-427603D4B598}.Release|Any CPU.Build.0 = Release|Any CPU
		{F988A923-8A5B-42DE-8E4C-EA01744FCB61}.Debug|Any CPU.ActiveCfg = Debug|Any CPU
		{F988A923-8A5B-42DE-8E4C-EA01744FCB61}.Debug|Any CPU.Build.0 = Debug|Any CPU
		{F988A923-8A5B-42DE-8E4C-EA01744FCB61}.Release|Any CPU.ActiveCfg = Release|Any CPU
		{F988A923-8A5B-42DE-8E4C-EA01744FCB61}.Release|Any CPU.Build.0 = Release|Any CPU
	EndGlobalSection
	GlobalSection(SolutionProperties) = preSolution
		HideSolutionNode = FALSE
	EndGlobalSection
	GlobalSection(ExtensibilityGlobals) = postSolution
		SolutionGuid = {982CC307-49CD-4B02-B93B-21FA4ECABB4B}
	EndGlobalSection
EndGlobal
