
Microsoft Visual Studio Solution File, Format Version 12.00
# Visual Studio 15
VisualStudioVersion = 15.0.28307.271
MinimumVisualStudioVersion = 10.0.40219.1
Project("{FAE04EC0-301F-11D3-BF4B-00C04F79EFBC}") = "ArraysExcercise05", "ArraysExcercise05\ArraysExcercise05.csproj", "{751F6B8B-BA51-4836-8FB8-C0467E4593EF}"
EndProject
Global
	GlobalSection(SolutionConfigurationPlatforms) = preSolution
		Debug|Any CPU = Debug|Any CPU
		Release|Any CPU = Release|Any CPU
	EndGlobalSection
	GlobalSection(ProjectConfigurationPlatforms) = postSolution
		{751F6B8B-BA51-4836-8FB8-C0467E4593EF}.Debug|Any CPU.ActiveCfg = Debug|Any CPU
		{751F6B8B-BA51-4836-8FB8-C0467E4593EF}.Debug|Any CPU.Build.0 = Debug|Any CPU
		{751F6B8B-BA51-4836-8FB8-C0467E4593EF}.Release|Any CPU.ActiveCfg = Release|Any CPU
		{751F6B8B-BA51-4836-8FB8-C0467E4593EF}.Release|Any CPU.Build.0 = Release|Any CPU
	EndGlobalSection
	GlobalSection(SolutionProperties) = preSolution
		HideSolutionNode = FALSE
	EndGlobalSection
	GlobalSection(ExtensibilityGlobals) = postSolution
		SolutionGuid = {FEEA6D99-2698-4E7B-95F3-8042660E90A9}
	EndGlobalSection
EndGlobal
